// !$*UTF8*$!
{
	archiveVersion = 1;
	classes = {
	};
	objectVersion = 51;
	objects = {

/* Begin PBXBuildFile section */
		A8044D6724FD49850079242A /* MenuTableViewController.swift in Sources */ = {isa = PBXBuildFile; fileRef = A8044D6624FD49850079242A /* MenuTableViewController.swift */; };
		A8044D6924FD49BE0079242A /* SlideInTransition.swift in Sources */ = {isa = PBXBuildFile; fileRef = A8044D6824FD49BE0079242A /* SlideInTransition.swift */; };
		A81DA1A325160B8B004F5341 /* GoogleService-Info.plist in Resources */ = {isa = PBXBuildFile; fileRef = A81DA1A225160B8B004F5341 /* GoogleService-Info.plist */; };
		A81DA1A525161328004F5341 /* loginViewController.swift in Sources */ = {isa = PBXBuildFile; fileRef = A81DA1A425161328004F5341 /* loginViewController.swift */; };
		A81DA1A7251621EB004F5341 /* profileTableViewCell.swift in Sources */ = {isa = PBXBuildFile; fileRef = A81DA1A6251621EB004F5341 /* profileTableViewCell.swift */; };
		A851EAB824F791600015E46B /* AppDelegate.swift in Sources */ = {isa = PBXBuildFile; fileRef = A851EAB724F791600015E46B /* AppDelegate.swift */; };
		A851EABA24F791600015E46B /* SceneDelegate.swift in Sources */ = {isa = PBXBuildFile; fileRef = A851EAB924F791600015E46B /* SceneDelegate.swift */; };
		A851EABF24F791600015E46B /* Main.storyboard in Resources */ = {isa = PBXBuildFile; fileRef = A851EABD24F791600015E46B /* Main.storyboard */; };
		A851EAC124F791650015E46B /* Assets.xcassets in Resources */ = {isa = PBXBuildFile; fileRef = A851EAC024F791650015E46B /* Assets.xcassets */; };
		A851EAC424F791650015E46B /* LaunchScreen.storyboard in Resources */ = {isa = PBXBuildFile; fileRef = A851EAC224F791650015E46B /* LaunchScreen.storyboard */; };
		A865195F252484C20020EBBA /* redirectToLoginViewController.swift in Sources */ = {isa = PBXBuildFile; fileRef = A865195E252484C20020EBBA /* redirectToLoginViewController.swift */; };
		A89A5A1724FEE0590065F220 /* productDetailViewController.swift in Sources */ = {isa = PBXBuildFile; fileRef = A89A5A1624FEE0590065F220 /* productDetailViewController.swift */; };
		A89A5A1D24FFCFCB0065F220 /* belgelerTableViewCell.swift in Sources */ = {isa = PBXBuildFile; fileRef = A89A5A1C24FFCFCB0065F220 /* belgelerTableViewCell.swift */; };
		A8A80D702504BFA700CC06E0 /* iletisimViewController.swift in Sources */ = {isa = PBXBuildFile; fileRef = A8A80D6F2504BFA700CC06E0 /* iletisimViewController.swift */; };
		A8A80D722504BFB900CC06E0 /* hakkımızdaViewController.swift in Sources */ = {isa = PBXBuildFile; fileRef = A8A80D712504BFB900CC06E0 /* hakkımızdaViewController.swift */; };
		A8A80D762504D92900CC06E0 /* vermisol_hakkimizda_pdf.pdf in Resources */ = {isa = PBXBuildFile; fileRef = A8A80D752504D92900CC06E0 /* vermisol_hakkimizda_pdf.pdf */; };
		A8A80D7A25053F2300CC06E0 /* pdfsViewController.swift in Sources */ = {isa = PBXBuildFile; fileRef = A8A80D7925053F2300CC06E0 /* pdfsViewController.swift */; };
		A8A80D7F2505407100CC06E0 /* ISO Belgesi.pdf in Resources */ = {isa = PBXBuildFile; fileRef = A8A80D7B2505407000CC06E0 /* ISO Belgesi.pdf */; };
		A8A80D802505407100CC06E0 /* İşletme Kayıt Belgesi.pdf in Resources */ = {isa = PBXBuildFile; fileRef = A8A80D7C2505407000CC06E0 /* İşletme Kayıt Belgesi.pdf */; };
		A8A80D812505407100CC06E0 /* Çiftçi Kayıt Belgemiz.pdf in Resources */ = {isa = PBXBuildFile; fileRef = A8A80D7D2505407000CC06E0 /* Çiftçi Kayıt Belgemiz.pdf */; };
		A8A80D822505407100CC06E0 /* Vermisol Organik Sertifikası.pdf in Resources */ = {isa = PBXBuildFile; fileRef = A8A80D7E2505407000CC06E0 /* Vermisol Organik Sertifikası.pdf */; };
		A8A80D842505419B00CC06E0 /* Vermisol Tescil Belgesi.pdf in Resources */ = {isa = PBXBuildFile; fileRef = A8A80D832505419B00CC06E0 /* Vermisol Tescil Belgesi.pdf */; };
		A8A80D86250541DB00CC06E0 /* Vermisol Lisans Belgesi.pdf in Resources */ = {isa = PBXBuildFile; fileRef = A8A80D85250541DB00CC06E0 /* Vermisol Lisans Belgesi.pdf */; };
		A8A80D88250541F800CC06E0 /* Analiz Sonuçları.pdf in Resources */ = {isa = PBXBuildFile; fileRef = A8A80D87250541F800CC06E0 /* Analiz Sonuçları.pdf */; };
		A8A80D8A2505421600CC06E0 /* Marul uygulaması.pdf in Resources */ = {isa = PBXBuildFile; fileRef = A8A80D892505421600CC06E0 /* Marul uygulaması.pdf */; };
		A8A80D8C2505423A00CC06E0 /* Mevsimlik Çuha Çiçeği Üretiminde Solucan Gübresi Denemesi.pdf in Resources */ = {isa = PBXBuildFile; fileRef = A8A80D8B2505423A00CC06E0 /* Mevsimlik Çuha Çiçeği Üretiminde Solucan Gübresi Denemesi.pdf */; };
		A8A80D8E2505428900CC06E0 /* Mevsimlik Hercai Menekşe Üretiminde Solucan Gübresi Denemesi.pdf in Resources */ = {isa = PBXBuildFile; fileRef = A8A80D8D2505428900CC06E0 /* Mevsimlik Hercai Menekşe Üretiminde Solucan Gübresi Denemesi.pdf */; };
		A8A80D90250542AF00CC06E0 /* Yaprak Analizi Sonuçları.pdf in Resources */ = {isa = PBXBuildFile; fileRef = A8A80D8F250542AF00CC06E0 /* Yaprak Analizi Sonuçları.pdf */; };
		A8A80D92250542D700CC06E0 /* Beylerbeyi Sarayı Çim Denemesi.pdf in Resources */ = {isa = PBXBuildFile; fileRef = A8A80D91250542D700CC06E0 /* Beylerbeyi Sarayı Çim Denemesi.pdf */; };
		A8A80D94250542F600CC06E0 /* Antalya Domates Denemesi.pdf in Resources */ = {isa = PBXBuildFile; fileRef = A8A80D93250542F600CC06E0 /* Antalya Domates Denemesi.pdf */; };
		A8A80D962505432200CC06E0 /* T.C. Jokey Kulübü Denemesi.pdf in Resources */ = {isa = PBXBuildFile; fileRef = A8A80D952505432200CC06E0 /* T.C. Jokey Kulübü Denemesi.pdf */; };
		A8A80D982505435F00CC06E0 /* Dolmabahçe Sarayı Deneme.pdf in Resources */ = {isa = PBXBuildFile; fileRef = A8A80D972505435F00CC06E0 /* Dolmabahçe Sarayı Deneme.pdf */; };
		A8A80DA02506AB2700CC06E0 /* etkinliklerViewController.swift in Sources */ = {isa = PBXBuildFile; fileRef = A8A80D9F2506AB2700CC06E0 /* etkinliklerViewController.swift */; };
		A8E2DCCA24FE858200594D64 /* belgelerViewController.swift in Sources */ = {isa = PBXBuildFile; fileRef = A8E2DCC924FE858200594D64 /* belgelerViewController.swift */; };
		A8F5601424FBA0F9007E8465 /* homePageViewController.swift in Sources */ = {isa = PBXBuildFile; fileRef = A8F5601324FBA0F9007E8465 /* homePageViewController.swift */; };
		A8F5601824FBA121007E8465 /* profileViewController.swift in Sources */ = {isa = PBXBuildFile; fileRef = A8F5601724FBA121007E8465 /* profileViewController.swift */; };
		A8F5601A24FBA139007E8465 /* myOrdersViewController.swift in Sources */ = {isa = PBXBuildFile; fileRef = A8F5601924FBA139007E8465 /* myOrdersViewController.swift */; };
		A8F5601D24FBA16C007E8465 /* homePageCollectionViewCell.swift in Sources */ = {isa = PBXBuildFile; fileRef = A8F5601C24FBA16C007E8465 /* homePageCollectionViewCell.swift */; };
		E8EC8D8A1AC233DB02FEA641 /* Pods_vermisolApp.framework in Frameworks */ = {isa = PBXBuildFile; fileRef = D6F0C4C4C835F3BF1D95C7CD /* Pods_vermisolApp.framework */; };
/* End PBXBuildFile section */

/* Begin PBXFileReference section */
		4CA76C8DA395ADA2AE2A12F5 /* Pods-vermisolApp.debug.xcconfig */ = {isa = PBXFileReference; includeInIndex = 1; lastKnownFileType = text.xcconfig; name = "Pods-vermisolApp.debug.xcconfig"; path = "Target Support Files/Pods-vermisolApp/Pods-vermisolApp.debug.xcconfig"; sourceTree = "<group>"; };
		6EF553CD2703EE6D1E66DBA0 /* Pods-vermisolApp.release.xcconfig */ = {isa = PBXFileReference; includeInIndex = 1; lastKnownFileType = text.xcconfig; name = "Pods-vermisolApp.release.xcconfig"; path = "Target Support Files/Pods-vermisolApp/Pods-vermisolApp.release.xcconfig"; sourceTree = "<group>"; };
		A8044D6624FD49850079242A /* MenuTableViewController.swift */ = {isa = PBXFileReference; lastKnownFileType = sourcecode.swift; path = MenuTableViewController.swift; sourceTree = "<group>"; };
		A8044D6824FD49BE0079242A /* SlideInTransition.swift */ = {isa = PBXFileReference; lastKnownFileType = sourcecode.swift; path = SlideInTransition.swift; sourceTree = "<group>"; };
		A81DA1A225160B8B004F5341 /* GoogleService-Info.plist */ = {isa = PBXFileReference; fileEncoding = 4; lastKnownFileType = text.plist.xml; path = "GoogleService-Info.plist"; sourceTree = "<group>"; };
		A81DA1A425161328004F5341 /* loginViewController.swift */ = {isa = PBXFileReference; lastKnownFileType = sourcecode.swift; path = loginViewController.swift; sourceTree = "<group>"; };
		A81DA1A6251621EB004F5341 /* profileTableViewCell.swift */ = {isa = PBXFileReference; lastKnownFileType = sourcecode.swift; path = profileTableViewCell.swift; sourceTree = "<group>"; };
		A851EAB424F791600015E46B /* vermisolApp.app */ = {isa = PBXFileReference; explicitFileType = wrapper.application; includeInIndex = 0; path = vermisolApp.app; sourceTree = BUILT_PRODUCTS_DIR; };
		A851EAB724F791600015E46B /* AppDelegate.swift */ = {isa = PBXFileReference; lastKnownFileType = sourcecode.swift; path = AppDelegate.swift; sourceTree = "<group>"; };
		A851EAB924F791600015E46B /* SceneDelegate.swift */ = {isa = PBXFileReference; lastKnownFileType = sourcecode.swift; path = SceneDelegate.swift; sourceTree = "<group>"; };
		A851EABE24F791600015E46B /* Base */ = {isa = PBXFileReference; lastKnownFileType = file.storyboard; name = Base; path = Base.lproj/Main.storyboard; sourceTree = "<group>"; };
		A851EAC024F791650015E46B /* Assets.xcassets */ = {isa = PBXFileReference; lastKnownFileType = folder.assetcatalog; path = Assets.xcassets; sourceTree = "<group>"; };
		A851EAC324F791650015E46B /* Base */ = {isa = PBXFileReference; lastKnownFileType = file.storyboard; name = Base; path = Base.lproj/LaunchScreen.storyboard; sourceTree = "<group>"; };
		A851EAC524F791650015E46B /* Info.plist */ = {isa = PBXFileReference; lastKnownFileType = text.plist.xml; path = Info.plist; sourceTree = "<group>"; };
		A865195E252484C20020EBBA /* redirectToLoginViewController.swift */ = {isa = PBXFileReference; lastKnownFileType = sourcecode.swift; path = redirectToLoginViewController.swift; sourceTree = "<group>"; };
		A89A5A1624FEE0590065F220 /* productDetailViewController.swift */ = {isa = PBXFileReference; lastKnownFileType = sourcecode.swift; path = productDetailViewController.swift; sourceTree = "<group>"; };
		A89A5A1C24FFCFCB0065F220 /* belgelerTableViewCell.swift */ = {isa = PBXFileReference; lastKnownFileType = sourcecode.swift; path = belgelerTableViewCell.swift; sourceTree = "<group>"; };
		A8A80D6F2504BFA700CC06E0 /* iletisimViewController.swift */ = {isa = PBXFileReference; lastKnownFileType = sourcecode.swift; path = iletisimViewController.swift; sourceTree = "<group>"; };
		A8A80D712504BFB900CC06E0 /* hakkımızdaViewController.swift */ = {isa = PBXFileReference; lastKnownFileType = sourcecode.swift; path = "hakkımızdaViewController.swift"; sourceTree = "<group>"; };
		A8A80D752504D92900CC06E0 /* vermisol_hakkimizda_pdf.pdf */ = {isa = PBXFileReference; lastKnownFileType = image.pdf; name = vermisol_hakkimizda_pdf.pdf; path = ../vermisol_hakkimizda_pdf.pdf; sourceTree = "<group>"; };
		A8A80D7925053F2300CC06E0 /* pdfsViewController.swift */ = {isa = PBXFileReference; lastKnownFileType = sourcecode.swift; path = pdfsViewController.swift; sourceTree = "<group>"; };
		A8A80D7B2505407000CC06E0 /* ISO Belgesi.pdf */ = {isa = PBXFileReference; lastKnownFileType = image.pdf; path = "ISO Belgesi.pdf"; sourceTree = "<group>"; };
		A8A80D7C2505407000CC06E0 /* İşletme Kayıt Belgesi.pdf */ = {isa = PBXFileReference; lastKnownFileType = image.pdf; path = "İşletme Kayıt Belgesi.pdf"; sourceTree = "<group>"; };
		A8A80D7D2505407000CC06E0 /* Çiftçi Kayıt Belgemiz.pdf */ = {isa = PBXFileReference; lastKnownFileType = image.pdf; path = "Çiftçi Kayıt Belgemiz.pdf"; sourceTree = "<group>"; };
		A8A80D7E2505407000CC06E0 /* Vermisol Organik Sertifikası.pdf */ = {isa = PBXFileReference; lastKnownFileType = image.pdf; path = "Vermisol Organik Sertifikası.pdf"; sourceTree = "<group>"; };
		A8A80D832505419B00CC06E0 /* Vermisol Tescil Belgesi.pdf */ = {isa = PBXFileReference; lastKnownFileType = image.pdf; path = "Vermisol Tescil Belgesi.pdf"; sourceTree = "<group>"; };
		A8A80D85250541DB00CC06E0 /* Vermisol Lisans Belgesi.pdf */ = {isa = PBXFileReference; lastKnownFileType = image.pdf; path = "Vermisol Lisans Belgesi.pdf"; sourceTree = "<group>"; };
		A8A80D87250541F800CC06E0 /* Analiz Sonuçları.pdf */ = {isa = PBXFileReference; lastKnownFileType = image.pdf; path = "Analiz Sonuçları.pdf"; sourceTree = "<group>"; };
		A8A80D892505421600CC06E0 /* Marul uygulaması.pdf */ = {isa = PBXFileReference; lastKnownFileType = image.pdf; path = "Marul uygulaması.pdf"; sourceTree = "<group>"; };
		A8A80D8B2505423A00CC06E0 /* Mevsimlik Çuha Çiçeği Üretiminde Solucan Gübresi Denemesi.pdf */ = {isa = PBXFileReference; lastKnownFileType = image.pdf; path = "Mevsimlik Çuha Çiçeği Üretiminde Solucan Gübresi Denemesi.pdf"; sourceTree = "<group>"; };
		A8A80D8D2505428900CC06E0 /* Mevsimlik Hercai Menekşe Üretiminde Solucan Gübresi Denemesi.pdf */ = {isa = PBXFileReference; lastKnownFileType = image.pdf; path = "Mevsimlik Hercai Menekşe Üretiminde Solucan Gübresi Denemesi.pdf"; sourceTree = "<group>"; };
		A8A80D8F250542AF00CC06E0 /* Yaprak Analizi Sonuçları.pdf */ = {isa = PBXFileReference; lastKnownFileType = image.pdf; path = "Yaprak Analizi Sonuçları.pdf"; sourceTree = "<group>"; };
		A8A80D91250542D700CC06E0 /* Beylerbeyi Sarayı Çim Denemesi.pdf */ = {isa = PBXFileReference; lastKnownFileType = image.pdf; path = "Beylerbeyi Sarayı Çim Denemesi.pdf"; sourceTree = "<group>"; };
		A8A80D93250542F600CC06E0 /* Antalya Domates Denemesi.pdf */ = {isa = PBXFileReference; lastKnownFileType = image.pdf; path = "Antalya Domates Denemesi.pdf"; sourceTree = "<group>"; };
		A8A80D952505432200CC06E0 /* T.C. Jokey Kulübü Denemesi.pdf */ = {isa = PBXFileReference; lastKnownFileType = image.pdf; path = "T.C. Jokey Kulübü Denemesi.pdf"; sourceTree = "<group>"; };
		A8A80D972505435F00CC06E0 /* Dolmabahçe Sarayı Deneme.pdf */ = {isa = PBXFileReference; lastKnownFileType = image.pdf; path = "Dolmabahçe Sarayı Deneme.pdf"; sourceTree = "<group>"; };
		A8A80D9F2506AB2700CC06E0 /* etkinliklerViewController.swift */ = {isa = PBXFileReference; lastKnownFileType = sourcecode.swift; path = etkinliklerViewController.swift; sourceTree = "<group>"; };
		A8E2DCC924FE858200594D64 /* belgelerViewController.swift */ = {isa = PBXFileReference; lastKnownFileType = sourcecode.swift; path = belgelerViewController.swift; sourceTree = "<group>"; };
		A8F5601324FBA0F9007E8465 /* homePageViewController.swift */ = {isa = PBXFileReference; lastKnownFileType = sourcecode.swift; path = homePageViewController.swift; sourceTree = "<group>"; };
		A8F5601724FBA121007E8465 /* profileViewController.swift */ = {isa = PBXFileReference; lastKnownFileType = sourcecode.swift; path = profileViewController.swift; sourceTree = "<group>"; };
		A8F5601924FBA139007E8465 /* myOrdersViewController.swift */ = {isa = PBXFileReference; lastKnownFileType = sourcecode.swift; path = myOrdersViewController.swift; sourceTree = "<group>"; };
		A8F5601C24FBA16C007E8465 /* homePageCollectionViewCell.swift */ = {isa = PBXFileReference; lastKnownFileType = sourcecode.swift; path = homePageCollectionViewCell.swift; sourceTree = "<group>"; };
		D6F0C4C4C835F3BF1D95C7CD /* Pods_vermisolApp.framework */ = {isa = PBXFileReference; explicitFileType = wrapper.framework; includeInIndex = 0; path = Pods_vermisolApp.framework; sourceTree = BUILT_PRODUCTS_DIR; };
/* End PBXFileReference section */

/* Begin PBXFrameworksBuildPhase section */
		A851EAB124F791600015E46B /* Frameworks */ = {
			isa = PBXFrameworksBuildPhase;
			buildActionMask = 2147483647;
			files = (
				E8EC8D8A1AC233DB02FEA641 /* Pods_vermisolApp.framework in Frameworks */,
			);
			runOnlyForDeploymentPostprocessing = 0;
		};
/* End PBXFrameworksBuildPhase section */

/* Begin PBXGroup section */
		415E6F931AEF95DA521C8CF8 /* Pods */ = {
			isa = PBXGroup;
			children = (
				4CA76C8DA395ADA2AE2A12F5 /* Pods-vermisolApp.debug.xcconfig */,
				6EF553CD2703EE6D1E66DBA0 /* Pods-vermisolApp.release.xcconfig */,
			);
			path = Pods;
			sourceTree = "<group>";
		};
		A8044D6524FD48B10079242A /* Side Menü */ = {
			isa = PBXGroup;
			children = (
				A8E2DCC824FE856500594D64 /* Menü Viewcontrollers */,
				A8044D6624FD49850079242A /* MenuTableViewController.swift */,
				A8044D6824FD49BE0079242A /* SlideInTransition.swift */,
			);
			name = "Side Menü";
			path = "Side Menü";
			sourceTree = "<group>";
		};
		A851EAAB24F791600015E46B = {
			isa = PBXGroup;
			children = (
				A851EAB624F791600015E46B /* vermisolApp */,
				A851EAB524F791600015E46B /* Products */,
				415E6F931AEF95DA521C8CF8 /* Pods */,
				C7E0B2F518620CF0D795A0B7 /* Frameworks */,
			);
			sourceTree = "<group>";
		};
		A851EAB524F791600015E46B /* Products */ = {
			isa = PBXGroup;
			children = (
				A851EAB424F791600015E46B /* vermisolApp.app */,
			);
			name = Products;
			sourceTree = "<group>";
		};
		A851EAB624F791600015E46B /* vermisolApp */ = {
			isa = PBXGroup;
			children = (
				A8044D6524FD48B10079242A /* Side Menü */,
				A8F5601B24FBA153007E8465 /* Cells */,
				A8F5601224FBA0D4007E8465 /* View Controllers */,
				A851EAB724F791600015E46B /* AppDelegate.swift */,
				A851EAB924F791600015E46B /* SceneDelegate.swift */,
				A865195C25247CEA0020EBBA /* Storyboards */,
				A851EAC024F791650015E46B /* Assets.xcassets */,
				A851EAC524F791650015E46B /* Info.plist */,
				A81DA1A225160B8B004F5341 /* GoogleService-Info.plist */,
			);
			path = vermisolApp;
			sourceTree = "<group>";
		};
		A865195C25247CEA0020EBBA /* Storyboards */ = {
			isa = PBXGroup;
			children = (
				A851EABD24F791600015E46B /* Main.storyboard */,
				A851EAC224F791650015E46B /* LaunchScreen.storyboard */,
			);
			path = Storyboards;
			sourceTree = "<group>";
		};
		A89A5A1524FEE0060065F220 /* Product Detail */ = {
			isa = PBXGroup;
			children = (
				A89A5A1624FEE0590065F220 /* productDetailViewController.swift */,
			);
			path = "Product Detail";
			sourceTree = "<group>";
		};
		A8A80D7825053EE000CC06E0 /* pdfs */ = {
			isa = PBXGroup;
			children = (
				A8A80D752504D92900CC06E0 /* vermisol_hakkimizda_pdf.pdf */,
				A8A80D7D2505407000CC06E0 /* Çiftçi Kayıt Belgemiz.pdf */,
				A8A80D7B2505407000CC06E0 /* ISO Belgesi.pdf */,
				A8A80D7C2505407000CC06E0 /* İşletme Kayıt Belgesi.pdf */,
				A8A80D7E2505407000CC06E0 /* Vermisol Organik Sertifikası.pdf */,
				A8A80D832505419B00CC06E0 /* Vermisol Tescil Belgesi.pdf */,
				A8A80D85250541DB00CC06E0 /* Vermisol Lisans Belgesi.pdf */,
				A8A80D87250541F800CC06E0 /* Analiz Sonuçları.pdf */,
				A8A80D892505421600CC06E0 /* Marul uygulaması.pdf */,
				A8A80D8B2505423A00CC06E0 /* Mevsimlik Çuha Çiçeği Üretiminde Solucan Gübresi Denemesi.pdf */,
				A8A80D8D2505428900CC06E0 /* Mevsimlik Hercai Menekşe Üretiminde Solucan Gübresi Denemesi.pdf */,
				A8A80D8F250542AF00CC06E0 /* Yaprak Analizi Sonuçları.pdf */,
				A8A80D91250542D700CC06E0 /* Beylerbeyi Sarayı Çim Denemesi.pdf */,
				A8A80D93250542F600CC06E0 /* Antalya Domates Denemesi.pdf */,
				A8A80D952505432200CC06E0 /* T.C. Jokey Kulübü Denemesi.pdf */,
				A8A80D972505435F00CC06E0 /* Dolmabahçe Sarayı Deneme.pdf */,
			);
			path = pdfs;
			sourceTree = "<group>";
		};
		A8E2DCC824FE856500594D64 /* Menü Viewcontrollers */ = {
			isa = PBXGroup;
			children = (
				A8A80D7825053EE000CC06E0 /* pdfs */,
				A8E2DCC924FE858200594D64 /* belgelerViewController.swift */,
				A8A80D6F2504BFA700CC06E0 /* iletisimViewController.swift */,
				A8A80D712504BFB900CC06E0 /* hakkımızdaViewController.swift */,
				A8A80D7925053F2300CC06E0 /* pdfsViewController.swift */,
				A8A80D9F2506AB2700CC06E0 /* etkinliklerViewController.swift */,
			);
			name = "Menü Viewcontrollers";
			path = "Menü Viewcontrollers";
			sourceTree = "<group>";
		};
		A8F5601224FBA0D4007E8465 /* View Controllers */ = {
			isa = PBXGroup;
			children = (
				A89A5A1524FEE0060065F220 /* Product Detail */,
				A8F5601324FBA0F9007E8465 /* homePageViewController.swift */,
				A8F5601724FBA121007E8465 /* profileViewController.swift */,
				A8F5601924FBA139007E8465 /* myOrdersViewController.swift */,
				A81DA1A425161328004F5341 /* loginViewController.swift */,
				A865195E252484C20020EBBA /* redirectToLoginViewController.swift */,
			);
			path = "View Controllers";
			sourceTree = "<group>";
		};
		A8F5601B24FBA153007E8465 /* Cells */ = {
			isa = PBXGroup;
			children = (
				A8F5601C24FBA16C007E8465 /* homePageCollectionViewCell.swift */,
				A89A5A1C24FFCFCB0065F220 /* belgelerTableViewCell.swift */,
				A81DA1A6251621EB004F5341 /* profileTableViewCell.swift */,
			);
			path = Cells;
			sourceTree = "<group>";
		};
		C7E0B2F518620CF0D795A0B7 /* Frameworks */ = {
			isa = PBXGroup;
			children = (
				D6F0C4C4C835F3BF1D95C7CD /* Pods_vermisolApp.framework */,
			);
			name = Frameworks;
			sourceTree = "<group>";
		};
/* End PBXGroup section */

/* Begin PBXNativeTarget section */
		A851EAB324F791600015E46B /* vermisolApp */ = {
			isa = PBXNativeTarget;
			buildConfigurationList = A851EAC824F791650015E46B /* Build configuration list for PBXNativeTarget "vermisolApp" */;
			buildPhases = (
				D3EA79BEC6978440C64C1122 /* [CP] Check Pods Manifest.lock */,
				A851EAB024F791600015E46B /* Sources */,
				A851EAB124F791600015E46B /* Frameworks */,
				A851EAB224F791600015E46B /* Resources */,
				63CD4009C7502C8DE9DFC912 /* [CP] Embed Pods Frameworks */,
			);
			buildRules = (
			);
			dependencies = (
			);
			name = vermisolApp;
			productName = vermisolApp;
			productReference = A851EAB424F791600015E46B /* vermisolApp.app */;
			productType = "com.apple.product-type.application";
		};
/* End PBXNativeTarget section */

/* Begin PBXProject section */
		A851EAAC24F791600015E46B /* Project object */ = {
			isa = PBXProject;
			attributes = {
				LastSwiftUpdateCheck = 1160;
				LastUpgradeCheck = 1160;
				ORGANIZATIONNAME = "Cem Sezeroglu";
				TargetAttributes = {
					A851EAB324F791600015E46B = {
						CreatedOnToolsVersion = 11.6;
					};
				};
			};
			buildConfigurationList = A851EAAF24F791600015E46B /* Build configuration list for PBXProject "vermisolApp" */;
			compatibilityVersion = "Xcode 9.3";
			developmentRegion = en;
			hasScannedForEncodings = 0;
			knownRegions = (
				en,
				Base,
			);
			mainGroup = A851EAAB24F791600015E46B;
			productRefGroup = A851EAB524F791600015E46B /* Products */;
			projectDirPath = "";
			projectRoot = "";
			targets = (
				A851EAB324F791600015E46B /* vermisolApp */,
			);
		};
/* End PBXProject section */

/* Begin PBXResourcesBuildPhase section */
		A851EAB224F791600015E46B /* Resources */ = {
			isa = PBXResourcesBuildPhase;
			buildActionMask = 2147483647;
			files = (
				A851EAC424F791650015E46B /* LaunchScreen.storyboard in Resources */,
				A81DA1A325160B8B004F5341 /* GoogleService-Info.plist in Resources */,
				A8A80D842505419B00CC06E0 /* Vermisol Tescil Belgesi.pdf in Resources */,
				A8A80D92250542D700CC06E0 /* Beylerbeyi Sarayı Çim Denemesi.pdf in Resources */,
				A8A80D8C2505423A00CC06E0 /* Mevsimlik Çuha Çiçeği Üretiminde Solucan Gübresi Denemesi.pdf in Resources */,
				A8A80D802505407100CC06E0 /* İşletme Kayıt Belgesi.pdf in Resources */,
				A8A80D88250541F800CC06E0 /* Analiz Sonuçları.pdf in Resources */,
				A8A80D86250541DB00CC06E0 /* Vermisol Lisans Belgesi.pdf in Resources */,
				A8A80D7F2505407100CC06E0 /* ISO Belgesi.pdf in Resources */,
				A8A80D8A2505421600CC06E0 /* Marul uygulaması.pdf in Resources */,
				A8A80D762504D92900CC06E0 /* vermisol_hakkimizda_pdf.pdf in Resources */,
				A8A80D982505435F00CC06E0 /* Dolmabahçe Sarayı Deneme.pdf in Resources */,
				A8A80D8E2505428900CC06E0 /* Mevsimlik Hercai Menekşe Üretiminde Solucan Gübresi Denemesi.pdf in Resources */,
				A8A80D94250542F600CC06E0 /* Antalya Domates Denemesi.pdf in Resources */,
				A8A80D822505407100CC06E0 /* Vermisol Organik Sertifikası.pdf in Resources */,
				A8A80D90250542AF00CC06E0 /* Yaprak Analizi Sonuçları.pdf in Resources */,
				A8A80D962505432200CC06E0 /* T.C. Jokey Kulübü Denemesi.pdf in Resources */,
				A851EAC124F791650015E46B /* Assets.xcassets in Resources */,
				A8A80D812505407100CC06E0 /* Çiftçi Kayıt Belgemiz.pdf in Resources */,
				A851EABF24F791600015E46B /* Main.storyboard in Resources */,
			);
			runOnlyForDeploymentPostprocessing = 0;
		};
/* End PBXResourcesBuildPhase section */

/* Begin PBXShellScriptBuildPhase section */
		63CD4009C7502C8DE9DFC912 /* [CP] Embed Pods Frameworks */ = {
			isa = PBXShellScriptBuildPhase;
			buildActionMask = 2147483647;
			files = (
			);
			inputFileListPaths = (
				"${PODS_ROOT}/Target Support Files/Pods-vermisolApp/Pods-vermisolApp-frameworks-${CONFIGURATION}-input-files.xcfilelist",
			);
			name = "[CP] Embed Pods Frameworks";
			outputFileListPaths = (
				"${PODS_ROOT}/Target Support Files/Pods-vermisolApp/Pods-vermisolApp-frameworks-${CONFIGURATION}-output-files.xcfilelist",
			);
			runOnlyForDeploymentPostprocessing = 0;
			shellPath = /bin/sh;
			shellScript = "\"${PODS_ROOT}/Target Support Files/Pods-vermisolApp/Pods-vermisolApp-frameworks.sh\"\n";
			showEnvVarsInLog = 0;
		};
		D3EA79BEC6978440C64C1122 /* [CP] Check Pods Manifest.lock */ = {
			isa = PBXShellScriptBuildPhase;
			buildActionMask = 2147483647;
			files = (
			);
			inputFileListPaths = (
			);
			inputPaths = (
				"${PODS_PODFILE_DIR_PATH}/Podfile.lock",
				"${PODS_ROOT}/Manifest.lock",
			);
			name = "[CP] Check Pods Manifest.lock";
			outputFileListPaths = (
			);
			outputPaths = (
				"$(DERIVED_FILE_DIR)/Pods-vermisolApp-checkManifestLockResult.txt",
			);
			runOnlyForDeploymentPostprocessing = 0;
			shellPath = /bin/sh;
			shellScript = "diff \"${PODS_PODFILE_DIR_PATH}/Podfile.lock\" \"${PODS_ROOT}/Manifest.lock\" > /dev/null\nif [ $? != 0 ] ; then\n    # print error to STDERR\n    echo \"error: The sandbox is not in sync with the Podfile.lock. Run 'pod install' or update your CocoaPods installation.\" >&2\n    exit 1\nfi\n# This output is used by Xcode 'outputs' to avoid re-running this script phase.\necho \"SUCCESS\" > \"${SCRIPT_OUTPUT_FILE_0}\"\n";
			showEnvVarsInLog = 0;
		};
/* End PBXShellScriptBuildPhase section */

/* Begin PBXSourcesBuildPhase section */
		A851EAB024F791600015E46B /* Sources */ = {
			isa = PBXSourcesBuildPhase;
			buildActionMask = 2147483647;
			files = (
				A8044D6924FD49BE0079242A /* SlideInTransition.swift in Sources */,
				A8F5601424FBA0F9007E8465 /* homePageViewController.swift in Sources */,
				A8A80D702504BFA700CC06E0 /* iletisimViewController.swift in Sources */,
				A81DA1A7251621EB004F5341 /* profileTableViewCell.swift in Sources */,
				A8A80D722504BFB900CC06E0 /* hakkımızdaViewController.swift in Sources */,
				A8F5601A24FBA139007E8465 /* myOrdersViewController.swift in Sources */,
				A8F5601D24FBA16C007E8465 /* homePageCollectionViewCell.swift in Sources */,
				A8A80DA02506AB2700CC06E0 /* etkinliklerViewController.swift in Sources */,
				A8044D6724FD49850079242A /* MenuTableViewController.swift in Sources */,
				A851EAB824F791600015E46B /* AppDelegate.swift in Sources */,
				A89A5A1D24FFCFCB0065F220 /* belgelerTableViewCell.swift in Sources */,
				A865195F252484C20020EBBA /* redirectToLoginViewController.swift in Sources */,
				A851EABA24F791600015E46B /* SceneDelegate.swift in Sources */,
				A8E2DCCA24FE858200594D64 /* belgelerViewController.swift in Sources */,
				A81DA1A525161328004F5341 /* loginViewController.swift in Sources */,
				A8F5601824FBA121007E8465 /* profileViewController.swift in Sources */,
				A89A5A1724FEE0590065F220 /* productDetailViewController.swift in Sources */,
				A8A80D7A25053F2300CC06E0 /* pdfsViewController.swift in Sources */,
			);
			runOnlyForDeploymentPostprocessing = 0;
		};
/* End PBXSourcesBuildPhase section */

/* Begin PBXVariantGroup section */
		A851EABD24F791600015E46B /* Main.storyboard */ = {
			isa = PBXVariantGroup;
			children = (
				A851EABE24F791600015E46B /* Base */,
			);
			name = Main.storyboard;
			sourceTree = "<group>";
		};
		A851EAC224F791650015E46B /* LaunchScreen.storyboard */ = {
			isa = PBXVariantGroup;
			children = (
				A851EAC324F791650015E46B /* Base */,
			);
			name = LaunchScreen.storyboard;
			sourceTree = "<group>";
		};
/* End PBXVariantGroup section */

/* Begin XCBuildConfiguration section */
		A851EAC624F791650015E46B /* Debug */ = {
			isa = XCBuildConfiguration;
			buildSettings = {
				ALWAYS_SEARCH_USER_PATHS = NO;
				CLANG_ANALYZER_NONNULL = YES;
				CLANG_ANALYZER_NUMBER_OBJECT_CONVERSION = YES_AGGRESSIVE;
				CLANG_CXX_LANGUAGE_STANDARD = "gnu++14";
				CLANG_CXX_LIBRARY = "libc++";
				CLANG_ENABLE_MODULES = YES;
				CLANG_ENABLE_OBJC_ARC = YES;
				CLANG_ENABLE_OBJC_WEAK = YES;
				CLANG_WARN_BLOCK_CAPTURE_AUTORELEASING = YES;
				CLANG_WARN_BOOL_CONVERSION = YES;
				CLANG_WARN_COMMA = YES;
				CLANG_WARN_CONSTANT_CONVERSION = YES;
				CLANG_WARN_DEPRECATED_OBJC_IMPLEMENTATIONS = YES;
				CLANG_WARN_DIRECT_OBJC_ISA_USAGE = YES_ERROR;
				CLANG_WARN_DOCUMENTATION_COMMENTS = YES;
				CLANG_WARN_EMPTY_BODY = YES;
				CLANG_WARN_ENUM_CONVERSION = YES;
				CLANG_WARN_INFINITE_RECURSION = YES;
				CLANG_WARN_INT_CONVERSION = YES;
				CLANG_WARN_NON_LITERAL_NULL_CONVERSION = YES;
				CLANG_WARN_OBJC_IMPLICIT_RETAIN_SELF = YES;
				CLANG_WARN_OBJC_LITERAL_CONVERSION = YES;
				CLANG_WARN_OBJC_ROOT_CLASS = YES_ERROR;
				CLANG_WARN_RANGE_LOOP_ANALYSIS = YES;
				CLANG_WARN_STRICT_PROTOTYPES = YES;
				CLANG_WARN_SUSPICIOUS_MOVE = YES;
				CLANG_WARN_UNGUARDED_AVAILABILITY = YES_AGGRESSIVE;
				CLANG_WARN_UNREACHABLE_CODE = YES;
				CLANG_WARN__DUPLICATE_METHOD_MATCH = YES;
				COPY_PHASE_STRIP = NO;
				DEBUG_INFORMATION_FORMAT = dwarf;
				ENABLE_STRICT_OBJC_MSGSEND = YES;
				ENABLE_TESTABILITY = YES;
				GCC_C_LANGUAGE_STANDARD = gnu11;
				GCC_DYNAMIC_NO_PIC = NO;
				GCC_NO_COMMON_BLOCKS = YES;
				GCC_OPTIMIZATION_LEVEL = 0;
				GCC_PREPROCESSOR_DEFINITIONS = (
					"DEBUG=1",
					"$(inherited)",
				);
				GCC_WARN_64_TO_32_BIT_CONVERSION = YES;
				GCC_WARN_ABOUT_RETURN_TYPE = YES_ERROR;
				GCC_WARN_UNDECLARED_SELECTOR = YES;
				GCC_WARN_UNINITIALIZED_AUTOS = YES_AGGRESSIVE;
				GCC_WARN_UNUSED_FUNCTION = YES;
				GCC_WARN_UNUSED_VARIABLE = YES;
				IPHONEOS_DEPLOYMENT_TARGET = 13.6;
				MTL_ENABLE_DEBUG_INFO = INCLUDE_SOURCE;
				MTL_FAST_MATH = YES;
				ONLY_ACTIVE_ARCH = YES;
				SDKROOT = iphoneos;
				SWIFT_ACTIVE_COMPILATION_CONDITIONS = DEBUG;
				SWIFT_OPTIMIZATION_LEVEL = "-Onone";
			};
			name = Debug;
		};
		A851EAC724F791650015E46B /* Release */ = {
			isa = XCBuildConfiguration;
			buildSettings = {
				ALWAYS_SEARCH_USER_PATHS = NO;
				CLANG_ANALYZER_NONNULL = YES;
				CLANG_ANALYZER_NUMBER_OBJECT_CONVERSION = YES_AGGRESSIVE;
				CLANG_CXX_LANGUAGE_STANDARD = "gnu++14";
				CLANG_CXX_LIBRARY = "libc++";
				CLANG_ENABLE_MODULES = YES;
				CLANG_ENABLE_OBJC_ARC = YES;
				CLANG_ENABLE_OBJC_WEAK = YES;
				CLANG_WARN_BLOCK_CAPTURE_AUTORELEASING = YES;
				CLANG_WARN_BOOL_CONVERSION = YES;
				CLANG_WARN_COMMA = YES;
				CLANG_WARN_CONSTANT_CONVERSION = YES;
				CLANG_WARN_DEPRECATED_OBJC_IMPLEMENTATIONS = YES;
				CLANG_WARN_DIRECT_OBJC_ISA_USAGE = YES_ERROR;
				CLANG_WARN_DOCUMENTATION_COMMENTS = YES;
				CLANG_WARN_EMPTY_BODY = YES;
				CLANG_WARN_ENUM_CONVERSION = YES;
				CLANG_WARN_INFINITE_RECURSION = YES;
				CLANG_WARN_INT_CONVERSION = YES;
				CLANG_WARN_NON_LITERAL_NULL_CONVERSION = YES;
				CLANG_WARN_OBJC_IMPLICIT_RETAIN_SELF = YES;
				CLANG_WARN_OBJC_LITERAL_CONVERSION = YES;
				CLANG_WARN_OBJC_ROOT_CLASS = YES_ERROR;
				CLANG_WARN_RANGE_LOOP_ANALYSIS = YES;
				CLANG_WARN_STRICT_PROTOTYPES = YES;
				CLANG_WARN_SUSPICIOUS_MOVE = YES;
				CLANG_WARN_UNGUARDED_AVAILABILITY = YES_AGGRESSIVE;
				CLANG_WARN_UNREACHABLE_CODE = YES;
				CLANG_WARN__DUPLICATE_METHOD_MATCH = YES;
				COPY_PHASE_STRIP = NO;
				DEBUG_INFORMATION_FORMAT = "dwarf-with-dsym";
				ENABLE_NS_ASSERTIONS = NO;
				ENABLE_STRICT_OBJC_MSGSEND = YES;
				GCC_C_LANGUAGE_STANDARD = gnu11;
				GCC_NO_COMMON_BLOCKS = YES;
				GCC_WARN_64_TO_32_BIT_CONVERSION = YES;
				GCC_WARN_ABOUT_RETURN_TYPE = YES_ERROR;
				GCC_WARN_UNDECLARED_SELECTOR = YES;
				GCC_WARN_UNINITIALIZED_AUTOS = YES_AGGRESSIVE;
				GCC_WARN_UNUSED_FUNCTION = YES;
				GCC_WARN_UNUSED_VARIABLE = YES;
				IPHONEOS_DEPLOYMENT_TARGET = 13.6;
				MTL_ENABLE_DEBUG_INFO = NO;
				MTL_FAST_MATH = YES;
				SDKROOT = iphoneos;
				SWIFT_COMPILATION_MODE = wholemodule;
				SWIFT_OPTIMIZATION_LEVEL = "-O";
				VALIDATE_PRODUCT = YES;
			};
			name = Release;
		};
		A851EAC924F791650015E46B /* Debug */ = {
			isa = XCBuildConfiguration;
			baseConfigurationReference = 4CA76C8DA395ADA2AE2A12F5 /* Pods-vermisolApp.debug.xcconfig */;
			buildSettings = {
				ASSETCATALOG_COMPILER_APPICON_NAME = AppIcon;
				CODE_SIGN_STYLE = Automatic;
				DEVELOPMENT_TEAM = ZDG25F63H5;
				INFOPLIST_FILE = vermisolApp/Info.plist;
				IPHONEOS_DEPLOYMENT_TARGET = 13.0;
				LD_RUNPATH_SEARCH_PATHS = (
					"$(inherited)",
					"@executable_path/Frameworks",
				);
				PRODUCT_BUNDLE_IDENTIFIER = com.cemsezeroglu.vermisolApp;
				PRODUCT_NAME = "$(TARGET_NAME)";
				SWIFT_VERSION = 5.0;
				TARGETED_DEVICE_FAMILY = "1,2";
			};
			name = Debug;
		};
		A851EACA24F791650015E46B /* Release */ = {
			isa = XCBuildConfiguration;
			baseConfigurationReference = 6EF553CD2703EE6D1E66DBA0 /* Pods-vermisolApp.release.xcconfig */;
			buildSettings = {
				ASSETCATALOG_COMPILER_APPICON_NAME = AppIcon;
				CODE_SIGN_STYLE = Automatic;
				DEVELOPMENT_TEAM = ZDG25F63H5;
				INFOPLIST_FILE = vermisolApp/Info.plist;
				IPHONEOS_DEPLOYMENT_TARGET = 13.0;
				LD_RUNPATH_SEARCH_PATHS = (
					"$(inherited)",
					"@executable_path/Frameworks",
				);
				PRODUCT_BUNDLE_IDENTIFIER = com.cemsezeroglu.vermisolApp;
				PRODUCT_NAME = "$(TARGET_NAME)";
				SWIFT_VERSION = 5.0;
				TARGETED_DEVICE_FAMILY = "1,2";
			};
			name = Release;
		};
/* End XCBuildConfiguration section */

/* Begin XCConfigurationList section */
		A851EAAF24F791600015E46B /* Build configuration list for PBXProject "vermisolApp" */ = {
			isa = XCConfigurationList;
			buildConfigurations = (
				A851EAC624F791650015E46B /* Debug */,
				A851EAC724F791650015E46B /* Release */,
			);
			defaultConfigurationIsVisible = 0;
			defaultConfigurationName = Release;
		};
		A851EAC824F791650015E46B /* Build configuration list for PBXNativeTarget "vermisolApp" */ = {
			isa = XCConfigurationList;
			buildConfigurations = (
				A851EAC924F791650015E46B /* Debug */,
				A851EACA24F791650015E46B /* Release */,
			);
			defaultConfigurationIsVisible = 0;
			defaultConfigurationName = Release;
		};
/* End XCConfigurationList section */
	};
	rootObject = A851EAAC24F791600015E46B /* Project object */;
}
